
Microsoft Visual Studio Solution File, Format Version 12.00
# Visual Studio Version 17
VisualStudioVersion = 17.4.33205.214
MinimumVisualStudioVersion = 10.0.40219.1
Project("{FAE04EC0-301F-11D3-BF4B-00C04F79EFBC}") = "Petshop", "Petshop.csproj", "{6BC0A52A-6963-4754-9F1B-1D50701A8D65}"
EndProject
Global
	GlobalSection(SolutionConfigurationPlatforms) = preSolution
		Debug|Any CPU = Debug|Any CPU
		Release|Any CPU = Release|Any CPU
	EndGlobalSection
	GlobalSection(ProjectConfigurationPlatforms) = postSolution
		{6BC0A52A-6963-4754-9F1B-1D50701A8D65}.Debug|Any CPU.ActiveCfg = Debug|Any CPU
		{6BC0A52A-6963-4754-9F1B-1D50701A8D65}.Debug|Any CPU.Build.0 = Debug|Any CPU
		{6BC0A52A-6963-4754-9F1B-1D50701A8D65}.Release|Any CPU.ActiveCfg = Release|Any CPU
		{6BC0A52A-6963-4754-9F1B-1D50701A8D65}.Release|Any CPU.Build.0 = Release|Any CPU
	EndGlobalSection
	GlobalSection(SolutionProperties) = preSolution
		HideSolutionNode = FALSE
	EndGlobalSection
	GlobalSection(ExtensibilityGlobals) = postSolution
		SolutionGuid = {8A78EB1D-2EEF-4707-9E64-0EAF2E50954C}
	EndGlobalSection
EndGlobal
